
Microsoft Visual Studio Solution File, Format Version 12.00
# Visual Studio Version 16
VisualStudioVersion = 16.0.30225.117
MinimumVisualStudioVersion = 10.0.40219.1
Project("{FAE04EC0-301F-11D3-BF4B-00C04F79EFBC}") = "Leave-management", "Leave-management.csproj", "{97194A4C-F6F9-446C-B13A-63509F41ED85}"
EndProject
Global
	GlobalSection(SolutionConfigurationPlatforms) = preSolution
		Debug|Any CPU = Debug|Any CPU
		Release|Any CPU = Release|Any CPU
	EndGlobalSection
	GlobalSection(ProjectConfigurationPlatforms) = postSolution
		{97194A4C-F6F9-446C-B13A-63509F41ED85}.Debug|Any CPU.ActiveCfg = Debug|Any CPU
		{97194A4C-F6F9-446C-B13A-63509F41ED85}.Debug|Any CPU.Build.0 = Debug|Any CPU
		{97194A4C-F6F9-446C-B13A-63509F41ED85}.Release|Any CPU.ActiveCfg = Release|Any CPU
		{97194A4C-F6F9-446C-B13A-63509F41ED85}.Release|Any CPU.Build.0 = Release|Any CPU
	EndGlobalSection
	GlobalSection(SolutionProperties) = preSolution
		HideSolutionNode = FALSE
	EndGlobalSection
	GlobalSection(ExtensibilityGlobals) = postSolution
		SolutionGuid = {37944680-90E5-4773-853F-65AD8D52C615}
	EndGlobalSection
EndGlobal
